{
  "name": "kitchen-app",
  "lockfileVersion": 3,
  "requires": true,
  "packages": {
    "": {
      "devDependencies": {
        "@eslint/js": "^8.57.1"
      }
    },
    "node_modules/@eslint/js": {
      "version": "8.57.1",
      "resolved": "https://registry.npmjs.org/@eslint/js/-/js-8.57.1.tgz",
      "integrity": "sha512-d9zaMRSTIKDLhctzH12MtXvJKSSUhaHcjV+2Z+GK+EEY7XKpP5yR4x+N3TAcHTcu963nIr+TMcCb4DBCYX1z6Q==",
      "dev": true,
      "license": "MIT",
      "engines": {
        "node": "^12.22.0 || ^14.17.0 || >=16.0.0"
      }
    }
  }
}
